
Microsoft Visual Studio Solution File, Format Version 12.00
# Visual Studio Version 16
VisualStudioVersion = 16.0.30404.54
MinimumVisualStudioVersion = 10.0.40219.1
Project("{2150E333-8FDC-42A3-9474-1A3956D46DE8}") = "VendingMachine", "VendingMachine", "{F2DDDA85-7C96-44C3-B79D-5F3FC0D2CB29}"
EndProject
Project("{2150E333-8FDC-42A3-9474-1A3956D46DE8}") = "UI", "UI", "{9E0B58C9-5FB1-463A-808E-CCD01EE23D9B}"
EndProject
Project("{2150E333-8FDC-42A3-9474-1A3956D46DE8}") = "Solution Items", "Solution Items", "{F8C16FFD-2365-4848-90F7-6FB330B19767}"
	ProjectSection(SolutionItems) = preProject
		azure-pipelines.yml = azure-pipelines.yml
		README.md = README.md
	EndProjectSection
EndProject
Project("{2150E333-8FDC-42A3-9474-1A3956D46DE8}") = "ConsoleApp", "ConsoleApp", "{0DD9852B-AB09-406D-8C40-AB900B16C20D}"
EndProject
Project("{9A19103F-16F7-4668-BE54-9A1E7A4F7556}") = "AcmeSodaConsoleApp", "VendingMachine\UI\ConsoleApp\AcmeSodaConsoleApp\AcmeSodaConsoleApp.csproj", "{4C2C3BE3-B1CE-4943-ADED-04A13BB63603}"
EndProject
Global
	GlobalSection(SolutionConfigurationPlatforms) = preSolution
		Debug|Any CPU = Debug|Any CPU
		Release|Any CPU = Release|Any CPU
	EndGlobalSection
	GlobalSection(ProjectConfigurationPlatforms) = postSolution
		{4C2C3BE3-B1CE-4943-ADED-04A13BB63603}.Debug|Any CPU.ActiveCfg = Debug|Any CPU
		{4C2C3BE3-B1CE-4943-ADED-04A13BB63603}.Debug|Any CPU.Build.0 = Debug|Any CPU
		{4C2C3BE3-B1CE-4943-ADED-04A13BB63603}.Release|Any CPU.ActiveCfg = Release|Any CPU
		{4C2C3BE3-B1CE-4943-ADED-04A13BB63603}.Release|Any CPU.Build.0 = Release|Any CPU
	EndGlobalSection
	GlobalSection(SolutionProperties) = preSolution
		HideSolutionNode = FALSE
	EndGlobalSection
	GlobalSection(NestedProjects) = preSolution
		{9E0B58C9-5FB1-463A-808E-CCD01EE23D9B} = {F2DDDA85-7C96-44C3-B79D-5F3FC0D2CB29}
		{0DD9852B-AB09-406D-8C40-AB900B16C20D} = {9E0B58C9-5FB1-463A-808E-CCD01EE23D9B}
		{4C2C3BE3-B1CE-4943-ADED-04A13BB63603} = {0DD9852B-AB09-406D-8C40-AB900B16C20D}
	EndGlobalSection
	GlobalSection(ExtensibilityGlobals) = postSolution
		SolutionGuid = {044280C1-3B7F-481B-88F6-F21E100A27B8}
	EndGlobalSection
EndGlobal
