
Microsoft Visual Studio Solution File, Format Version 12.00
# Visual Studio Version 16
VisualStudioVersion = 16.0.30404.54
MinimumVisualStudioVersion = 10.0.40219.1
Project("{2150E333-8FDC-42A3-9474-1A3956D46DE8}") = "VendingMachine", "VendingMachine", "{F2DDDA85-7C96-44C3-B79D-5F3FC0D2CB29}"
EndProject
Project("{2150E333-8FDC-42A3-9474-1A3956D46DE8}") = "UI", "UI", "{9E0B58C9-5FB1-463A-808E-CCD01EE23D9B}"
EndProject
Project("{2150E333-8FDC-42A3-9474-1A3956D46DE8}") = "Solution Items", "Solution Items", "{F8C16FFD-2365-4848-90F7-6FB330B19767}"
	ProjectSection(SolutionItems) = preProject
		azure-pipelines.yml = azure-pipelines.yml
		README.md = README.md
	EndProjectSection
EndProject
Project("{2150E333-8FDC-42A3-9474-1A3956D46DE8}") = "ConsoleApp", "ConsoleApp", "{0DD9852B-AB09-406D-8C40-AB900B16C20D}"
EndProject
Project("{9A19103F-16F7-4668-BE54-9A1E7A4F7556}") = "AcmeSodaConsoleApp", "VendingMachine\UI\ConsoleApp\AcmeSodaConsoleApp\AcmeSodaConsoleApp.csproj", "{4C2C3BE3-B1CE-4943-ADED-04A13BB63603}"
EndProject
Project("{2150E333-8FDC-42A3-9474-1A3956D46DE8}") = "Fippa", "Fippa", "{E227A2CE-6469-4D7C-9579-D093B4CCFC98}"
EndProject
Project("{9A19103F-16F7-4668-BE54-9A1E7A4F7556}") = "Fippa.Common", "Fippa\Fippa.Common\Fippa.Common.csproj", "{B0096B40-A5FC-4E44-B68F-B1BAEF0EF8FE}"
EndProject
Project("{9A19103F-16F7-4668-BE54-9A1E7A4F7556}") = "Fippa.Money", "Fippa\Fippa.Money\Fippa.Money.csproj", "{3B44F4C7-4BA4-4030-8E5F-7F4973A3884B}"
EndProject
Project("{9A19103F-16F7-4668-BE54-9A1E7A4F7556}") = "Fippa.Common.Tests", "Fippa\Fippa.Common.Tests\Fippa.Common.Tests.csproj", "{018883F9-130B-461E-803D-250D919D1631}"
EndProject
Project("{9A19103F-16F7-4668-BE54-9A1E7A4F7556}") = "Fippa.Money.Tests", "Fippa\Fippa.Money.Tests\Fippa.Money.Tests.csproj", "{EEFD4AFB-E344-4F6D-AE74-B56FDCCDC2FE}"
EndProject
Project("{2150E333-8FDC-42A3-9474-1A3956D46DE8}") = "Shared", "Shared", "{392624C7-5672-413A-ADE6-BE4A995F84B9}"
EndProject
Project("{2150E333-8FDC-42A3-9474-1A3956D46DE8}") = "Domain", "Domain", "{7A563E01-4F81-44C4-A61C-FCAFB2B69BCA}"
EndProject
Project("{9A19103F-16F7-4668-BE54-9A1E7A4F7556}") = "Domain", "VendingMachine\Shared\Domain\Domain\Domain.csproj", "{57E28850-6A35-4E55-A57A-FA4D896AECE2}"
EndProject
Project("{9A19103F-16F7-4668-BE54-9A1E7A4F7556}") = "DomainTests", "VendingMachine\Shared\Domain\DomainTests\DomainTests.csproj", "{ACF24BA0-E4F3-4A19-BBDD-C42D6C08FE9D}"
EndProject
Global
	GlobalSection(SolutionConfigurationPlatforms) = preSolution
		Debug|Any CPU = Debug|Any CPU
		Release|Any CPU = Release|Any CPU
	EndGlobalSection
	GlobalSection(ProjectConfigurationPlatforms) = postSolution
		{4C2C3BE3-B1CE-4943-ADED-04A13BB63603}.Debug|Any CPU.ActiveCfg = Debug|Any CPU
		{4C2C3BE3-B1CE-4943-ADED-04A13BB63603}.Debug|Any CPU.Build.0 = Debug|Any CPU
		{4C2C3BE3-B1CE-4943-ADED-04A13BB63603}.Release|Any CPU.ActiveCfg = Release|Any CPU
		{4C2C3BE3-B1CE-4943-ADED-04A13BB63603}.Release|Any CPU.Build.0 = Release|Any CPU
		{B0096B40-A5FC-4E44-B68F-B1BAEF0EF8FE}.Debug|Any CPU.ActiveCfg = Debug|Any CPU
		{B0096B40-A5FC-4E44-B68F-B1BAEF0EF8FE}.Debug|Any CPU.Build.0 = Debug|Any CPU
		{B0096B40-A5FC-4E44-B68F-B1BAEF0EF8FE}.Release|Any CPU.ActiveCfg = Release|Any CPU
		{B0096B40-A5FC-4E44-B68F-B1BAEF0EF8FE}.Release|Any CPU.Build.0 = Release|Any CPU
		{3B44F4C7-4BA4-4030-8E5F-7F4973A3884B}.Debug|Any CPU.ActiveCfg = Debug|Any CPU
		{3B44F4C7-4BA4-4030-8E5F-7F4973A3884B}.Debug|Any CPU.Build.0 = Debug|Any CPU
		{3B44F4C7-4BA4-4030-8E5F-7F4973A3884B}.Release|Any CPU.ActiveCfg = Release|Any CPU
		{3B44F4C7-4BA4-4030-8E5F-7F4973A3884B}.Release|Any CPU.Build.0 = Release|Any CPU
		{018883F9-130B-461E-803D-250D919D1631}.Debug|Any CPU.ActiveCfg = Debug|Any CPU
		{018883F9-130B-461E-803D-250D919D1631}.Debug|Any CPU.Build.0 = Debug|Any CPU
		{018883F9-130B-461E-803D-250D919D1631}.Release|Any CPU.ActiveCfg = Release|Any CPU
		{018883F9-130B-461E-803D-250D919D1631}.Release|Any CPU.Build.0 = Release|Any CPU
		{EEFD4AFB-E344-4F6D-AE74-B56FDCCDC2FE}.Debug|Any CPU.ActiveCfg = Debug|Any CPU
		{EEFD4AFB-E344-4F6D-AE74-B56FDCCDC2FE}.Debug|Any CPU.Build.0 = Debug|Any CPU
		{EEFD4AFB-E344-4F6D-AE74-B56FDCCDC2FE}.Release|Any CPU.ActiveCfg = Release|Any CPU
		{EEFD4AFB-E344-4F6D-AE74-B56FDCCDC2FE}.Release|Any CPU.Build.0 = Release|Any CPU
		{57E28850-6A35-4E55-A57A-FA4D896AECE2}.Debug|Any CPU.ActiveCfg = Debug|Any CPU
		{57E28850-6A35-4E55-A57A-FA4D896AECE2}.Debug|Any CPU.Build.0 = Debug|Any CPU
		{57E28850-6A35-4E55-A57A-FA4D896AECE2}.Release|Any CPU.ActiveCfg = Release|Any CPU
		{57E28850-6A35-4E55-A57A-FA4D896AECE2}.Release|Any CPU.Build.0 = Release|Any CPU
		{ACF24BA0-E4F3-4A19-BBDD-C42D6C08FE9D}.Debug|Any CPU.ActiveCfg = Debug|Any CPU
		{ACF24BA0-E4F3-4A19-BBDD-C42D6C08FE9D}.Debug|Any CPU.Build.0 = Debug|Any CPU
		{ACF24BA0-E4F3-4A19-BBDD-C42D6C08FE9D}.Release|Any CPU.ActiveCfg = Release|Any CPU
		{ACF24BA0-E4F3-4A19-BBDD-C42D6C08FE9D}.Release|Any CPU.Build.0 = Release|Any CPU
	EndGlobalSection
	GlobalSection(SolutionProperties) = preSolution
		HideSolutionNode = FALSE
	EndGlobalSection
	GlobalSection(NestedProjects) = preSolution
		{9E0B58C9-5FB1-463A-808E-CCD01EE23D9B} = {F2DDDA85-7C96-44C3-B79D-5F3FC0D2CB29}
		{0DD9852B-AB09-406D-8C40-AB900B16C20D} = {9E0B58C9-5FB1-463A-808E-CCD01EE23D9B}
		{4C2C3BE3-B1CE-4943-ADED-04A13BB63603} = {0DD9852B-AB09-406D-8C40-AB900B16C20D}
		{B0096B40-A5FC-4E44-B68F-B1BAEF0EF8FE} = {E227A2CE-6469-4D7C-9579-D093B4CCFC98}
		{3B44F4C7-4BA4-4030-8E5F-7F4973A3884B} = {E227A2CE-6469-4D7C-9579-D093B4CCFC98}
		{018883F9-130B-461E-803D-250D919D1631} = {E227A2CE-6469-4D7C-9579-D093B4CCFC98}
		{EEFD4AFB-E344-4F6D-AE74-B56FDCCDC2FE} = {E227A2CE-6469-4D7C-9579-D093B4CCFC98}
		{392624C7-5672-413A-ADE6-BE4A995F84B9} = {F2DDDA85-7C96-44C3-B79D-5F3FC0D2CB29}
		{7A563E01-4F81-44C4-A61C-FCAFB2B69BCA} = {392624C7-5672-413A-ADE6-BE4A995F84B9}
		{57E28850-6A35-4E55-A57A-FA4D896AECE2} = {7A563E01-4F81-44C4-A61C-FCAFB2B69BCA}
		{ACF24BA0-E4F3-4A19-BBDD-C42D6C08FE9D} = {7A563E01-4F81-44C4-A61C-FCAFB2B69BCA}
	EndGlobalSection
	GlobalSection(ExtensibilityGlobals) = postSolution
		SolutionGuid = {044280C1-3B7F-481B-88F6-F21E100A27B8}
	EndGlobalSection
EndGlobal
